PODS:
  - Flutter (1.0.0)
  - HMSSDK (0.1.5):
    - HMSWebRTC (= 1.0.4516)
  - hmssdk_flutter (0.4.0):
    - Flutter
    - HMSSDK
  - HMSWebRTC (1.0.4516)

DEPENDENCIES:
  - Flutter (from `Flutter`)
  - hmssdk_flutter (from `.symlinks/plugins/hmssdk_flutter/ios`)

SPEC REPOS:
  trunk:
    - HMSSDK
    - HMSWebRTC

EXTERNAL SOURCES:
  Flutter:
    :path: Flutter
  hmssdk_flutter:
    :path: ".symlinks/plugins/hmssdk_flutter/ios"

SPEC CHECKSUMS:
  Flutter: 50d75fe2f02b26cc09d224853bb45737f8b3214a
  HMSSDK: 5ad51730d9313c4fd6805e5a3a4e529820270472
  hmssdk_flutter: d154419fc067a055d6ee28eba5faef07f0487061
  HMSWebRTC: 0dbcff2b03adf79ce6f1129e541af5dc342ed88f

PODFILE CHECKSUM: aafe91acc616949ddb318b77800a7f51bffa2a4c

COCOAPODS: 1.10.2
