PODS:
  - Flutter (1.0.0)
  - GoogleWebRTC (1.1.31999)
  - HMSSDK (0.0.6):
    - GoogleWebRTC (= 1.1.31999)
  - hmssdk_flutter (0.0.1):
    - Flutter
    - HMSSDK

DEPENDENCIES:
  - Flutter (from `Flutter`)
  - hmssdk_flutter (from `.symlinks/plugins/hmssdk_flutter/ios`)

SPEC REPOS:
  trunk:
    - GoogleWebRTC
    - HMSSDK

EXTERNAL SOURCES:
  Flutter:
    :path: Flutter
  hmssdk_flutter:
    :path: ".symlinks/plugins/hmssdk_flutter/ios"

SPEC CHECKSUMS:
  Flutter: 434fef37c0980e73bb6479ef766c45957d4b510c
  GoogleWebRTC: b39a78c4f5cc6b0323415b9233db03a2faa7b0f0
  HMSSDK: c05163e636c434cbce5175d63521171fb125af51
  hmssdk_flutter: 7746e56926bca98332eefaa2fadce33b18ef200e

PODFILE CHECKSUM: fe0e1ee7f3d1f7d00b11b474b62dd62134535aea

COCOAPODS: 1.10.1
