PODS:
  - Flutter (1.0.0)
  - HMSAnalyticsSDK (0.0.2)
  - HMSBroadcastExtensionSDK (0.0.9)
  - HMSSDK (0.9.4):
    - HMSAnalyticsSDK (= 0.0.2)
    - HMSWebRTC (= 1.0.5116)
  - hmssdk_flutter (1.7.0):
    - Flutter
    - HMSBroadcastExtensionSDK (= 0.0.9)
    - HMSSDK (= 0.9.4)
  - HMSWebRTC (1.0.5116)
  - path_provider_foundation (0.0.1):
    - Flutter
    - FlutterMacOS

DEPENDENCIES:
  - Flutter (from `Flutter`)
  - HMSBroadcastExtensionSDK
  - hmssdk_flutter (from `.symlinks/plugins/hmssdk_flutter/ios`)
  - path_provider_foundation (from `.symlinks/plugins/path_provider_foundation/darwin`)

SPEC REPOS:
  trunk:
    - HMSAnalyticsSDK
    - HMSBroadcastExtensionSDK
    - HMSSDK
    - HMSWebRTC

EXTERNAL SOURCES:
  Flutter:
    :path: Flutter
  hmssdk_flutter:
    :path: ".symlinks/plugins/hmssdk_flutter/ios"
  path_provider_foundation:
    :path: ".symlinks/plugins/path_provider_foundation/darwin"

SPEC CHECKSUMS:
  Flutter: f04841e97a9d0b0a8025694d0796dd46242b2854
  HMSAnalyticsSDK: 4d2a88a729b1eb42f3d25f217c28937ec318a5b7
  HMSBroadcastExtensionSDK: d80fe325f6c928bd8e5176290b5a4b7ae15d6fbb
  HMSSDK: fc0bc12a4d44fd3104a3447639e7967ba6451167
  hmssdk_flutter: 98648fda16ad29d1500cbcbef2b8d58d3ccbec47
  HMSWebRTC: ae54e9dd91b869051b283b43b14f57d43b7bf8e1
  path_provider_foundation: eaf5b3e458fc0e5fbb9940fb09980e853fe058b8

PODFILE CHECKSUM: 576bcfbc69c41c8e1c7e04a8ea0da7225b4b2db0

COCOAPODS: 1.12.1
