PODS:
  - Flutter (1.0.0)
  - flutter_foreground_task (0.0.1):
    - Flutter
  - HMSAnalyticsSDK (0.0.2)
  - HMSBroadcastExtensionSDK (0.0.9)
  - HMSHLSPlayerSDK (0.0.2):
    - HMSAnalyticsSDK (= 0.0.2)
  - HMSSDK (1.1.0):
    - HMSAnalyticsSDK (= 0.0.2)
    - HMSWebRTC (= 1.0.5116)
  - hmssdk_flutter (1.9.0):
    - Flutter
    - HMSBroadcastExtensionSDK (= 0.0.9)
    - HMSHLSPlayerSDK (= 0.0.2)
    - HMSSDK (= 1.1.0)
  - HMSWebRTC (1.0.5116)
  - path_provider_foundation (0.0.1):
    - Flutter
    - FlutterMacOS
  - permission_handler_apple (9.1.1):
    - Flutter
  - share_plus (0.0.1):
    - Flutter
  - shared_preferences_foundation (0.0.1):
    - Flutter
    - FlutterMacOS
  - url_launcher_ios (0.0.1):
    - Flutter

DEPENDENCIES:
  - Flutter (from `Flutter`)
  - flutter_foreground_task (from `.symlinks/plugins/flutter_foreground_task/ios`)
  - hmssdk_flutter (from `.symlinks/plugins/hmssdk_flutter/ios`)
  - path_provider_foundation (from `.symlinks/plugins/path_provider_foundation/darwin`)
  - permission_handler_apple (from `.symlinks/plugins/permission_handler_apple/ios`)
  - share_plus (from `.symlinks/plugins/share_plus/ios`)
  - shared_preferences_foundation (from `.symlinks/plugins/shared_preferences_foundation/darwin`)
  - url_launcher_ios (from `.symlinks/plugins/url_launcher_ios/ios`)

SPEC REPOS:
  trunk:
    - HMSAnalyticsSDK
    - HMSBroadcastExtensionSDK
    - HMSHLSPlayerSDK
    - HMSSDK
    - HMSWebRTC

EXTERNAL SOURCES:
  Flutter:
    :path: Flutter
  flutter_foreground_task:
    :path: ".symlinks/plugins/flutter_foreground_task/ios"
  hmssdk_flutter:
    :path: ".symlinks/plugins/hmssdk_flutter/ios"
  path_provider_foundation:
    :path: ".symlinks/plugins/path_provider_foundation/darwin"
  permission_handler_apple:
    :path: ".symlinks/plugins/permission_handler_apple/ios"
  share_plus:
    :path: ".symlinks/plugins/share_plus/ios"
  shared_preferences_foundation:
    :path: ".symlinks/plugins/shared_preferences_foundation/darwin"
  url_launcher_ios:
    :path: ".symlinks/plugins/url_launcher_ios/ios"

SPEC CHECKSUMS:
  Flutter: f04841e97a9d0b0a8025694d0796dd46242b2854
  flutter_foreground_task: 21ef182ab0a29a3005cc72cd70e5f45cb7f7f817
  HMSAnalyticsSDK: 4d2a88a729b1eb42f3d25f217c28937ec318a5b7
  HMSBroadcastExtensionSDK: d80fe325f6c928bd8e5176290b5a4b7ae15d6fbb
  HMSHLSPlayerSDK: 6a54ad4d12f3dc2270d1ecd24019d71282a4f6a3
  HMSSDK: 49e3ac665ceb8904d41787ddf99742e8d7d6529a
  hmssdk_flutter: 414edcdff09f1587f53b04e9b93b39e6174a61cd
  HMSWebRTC: ae54e9dd91b869051b283b43b14f57d43b7bf8e1
  path_provider_foundation: 29f094ae23ebbca9d3d0cec13889cd9060c0e943
  permission_handler_apple: e76247795d700c14ea09e3a2d8855d41ee80a2e6
  share_plus: 599aa54e4ea31d4b4c0e9c911bcc26c55e791028
  shared_preferences_foundation: 5b919d13b803cadd15ed2dc053125c68730e5126
  url_launcher_ios: 08a3dfac5fb39e8759aeb0abbd5d9480f30fc8b4

PODFILE CHECKSUM: cc1f88378b4bfcf93a6ce00d2c587857c6008d3b

COCOAPODS: 1.13.0
